// !$*UTF8*$!
{
	archiveVersion = 1;
	classes = {
	};
	objectVersion = 77;
	objects = {

/* Begin PBXBuildFile section */
		0B99BEB326F6F25E92F22D19 /* ScanObjectLocatorTests.swift in Sources */ = {isa = PBXBuildFile; fileRef = 52376FEBBD4E599CC43E78B9 /* ScanObjectLocatorTests.swift */; };
		0CBD8766D6CD6A0CCEE98B85 /* ScanUploadClientTests.swift in Sources */ = {isa = PBXBuildFile; fileRef = 3D815183B48F2D9B575F78EE /* ScanUploadClientTests.swift */; };
		1B2955B1B60E069392F0FB5B /* LidarMeshTests.swift in Sources */ = {isa = PBXBuildFile; fileRef = B121F5EE270FA52250DEB892 /* LidarMeshTests.swift */; };
		21CA6D7591146572C7FB7AEF /* ReviewScreen.swift in Sources */ = {isa = PBXBuildFile; fileRef = 6510F54E3E72FFD41662E47A /* ReviewScreen.swift */; };
		256913A955464CCAEADF9268 /* AppEnvironment.swift in Sources */ = {isa = PBXBuildFile; fileRef = 6FEC544C1C55197D7034B7CF /* AppEnvironment.swift */; };
		29D2538D10668801A37E448A /* FrameRecorder.swift in Sources */ = {isa = PBXBuildFile; fileRef = 9AA3EF92FB3C776BBFC316A2 /* FrameRecorder.swift */; };
		31226E685F8615CF36220EF7 /* CaptureSessionStore.swift in Sources */ = {isa = PBXBuildFile; fileRef = 8D8A97F1C401D6495E52BD85 /* CaptureSessionStore.swift */; };
		37DDE23201FC858C742C7F17 /* apple_bedroom3.room.json in Resources */ = {isa = PBXBuildFile; fileRef = 1AA420D8B693B08C38D20603 /* apple_bedroom3.room.json */; };
		3E2B82D92927A86CDA8F4168 /* SceneCaptureConfigurationTests.swift in Sources */ = {isa = PBXBuildFile; fileRef = C758129B01C0A98678E154B7 /* SceneCaptureConfigurationTests.swift */; };
		4B4F38D2CE1F5D5BCF4C104C /* LaunchScreen.storyboard in Resources */ = {isa = PBXBuildFile; fileRef = 8B47F7A7DD60C5B93AABEAF7 /* LaunchScreen.storyboard */; };
		507F1F343673600940DE00D1 /* apple_livingroom.room.json in Resources */ = {isa = PBXBuildFile; fileRef = F6A8C1D60ECF23C6304B08D1 /* apple_livingroom.room.json */; };
		55856F61BF5F62342954D9DF /* ServiceAddressTests.swift in Sources */ = {isa = PBXBuildFile; fileRef = C926B3CA63F6EC0109187025 /* ServiceAddressTests.swift */; };
		58500215EB25C687904FAB73 /* UploadViewModelTests.swift in Sources */ = {isa = PBXBuildFile; fileRef = C1B73E7972ABEBD9BEE9AB14 /* UploadViewModelTests.swift */; };
		58891452F41E5607AC230AFF /* AppRootView.swift in Sources */ = {isa = PBXBuildFile; fileRef = AB85814D71BB5E268CE101E1 /* AppRootView.swift */; };
		5C37F4DD53CE9AA805DC82A6 /* AppTheme.swift in Sources */ = {isa = PBXBuildFile; fileRef = B698CFA6F39664D668AE5C63 /* AppTheme.swift */; };
		5F7D792A2DD916716749DA38 /* CoverageEngine.swift in Sources */ = {isa = PBXBuildFile; fileRef = 3D0C7028F7E2DE9CE6A5C348 /* CoverageEngine.swift */; };
		60572FB1AD7B4D2424C5DFFF /* WalkthroughVideoRecorder.swift in Sources */ = {isa = PBXBuildFile; fileRef = 026FA7F7DA378297C85FA69C /* WalkthroughVideoRecorder.swift */; };
		615AF2750FED72C2B7CB9E2E /* WorkspaceScreen.swift in Sources */ = {isa = PBXBuildFile; fileRef = 40F5DB654E0671D2D4D1ED21 /* WorkspaceScreen.swift */; };
		66E408F8858728C03CAAAF70 /* CaptureRecovery.swift in Sources */ = {isa = PBXBuildFile; fileRef = F33989C0129F58DE12C08EB2 /* CaptureRecovery.swift */; };
		75C17C86ACC84F5A8841278B /* CoverageEngineTests.swift in Sources */ = {isa = PBXBuildFile; fileRef = 27785166F1CA3E6AACF4C012 /* CoverageEngineTests.swift */; };
		78589EC893CD951BDC0B4396 /* ResumableUploadStore.swift in Sources */ = {isa = PBXBuildFile; fileRef = D4C6263A656172ADAE5138BF /* ResumableUploadStore.swift */; };
		812ABC8C0C2FCD7648188442 /* SceneCaptureConfiguration.swift in Sources */ = {isa = PBXBuildFile; fileRef = 46525BF5D2C5213EB7FED758 /* SceneCaptureConfiguration.swift */; };
		850EE6F0C14C7ABDB7A9FB7F /* ScanExportTests.swift in Sources */ = {isa = PBXBuildFile; fileRef = 5281D7312D6F754DBC7B8377 /* ScanExportTests.swift */; };
		95E15EFB23AEA929A41B1EA4 /* CaptureScreen.swift in Sources */ = {isa = PBXBuildFile; fileRef = DD126A7334930ED9E61ADA9A /* CaptureScreen.swift */; };
		9BF68FA1A07FE744E37BACA9 /* ResumableUploadStoreTests.swift in Sources */ = {isa = PBXBuildFile; fileRef = 0748121F1E998BBBC5AA865E /* ResumableUploadStoreTests.swift */; };
		A175D79C585CF1A4796FFB64 /* ScanObjectLocator.swift in Sources */ = {isa = PBXBuildFile; fileRef = 81AACA30446540582EBA1366 /* ScanObjectLocator.swift */; };
		A2AEB73032DA503D659048CD /* ScanExporter.swift in Sources */ = {isa = PBXBuildFile; fileRef = 67DB51144E0AB741AE3E13F8 /* ScanExporter.swift */; };
		AD48A914B5EDDEC5DD5AE77C /* RoomCaptureController.swift in Sources */ = {isa = PBXBuildFile; fileRef = E6F34E396942BEF7BD1CB0CE /* RoomCaptureController.swift */; };
		BF7EDD1670A4CBAA90BDFA4B /* WalkthroughVideoRecorderTests.swift in Sources */ = {isa = PBXBuildFile; fileRef = CB0DF9605AC317A7D73BAE94 /* WalkthroughVideoRecorderTests.swift */; };
		C1869B64E1A0C858F7DD7E75 /* StandardPhysicsApp.swift in Sources */ = {isa = PBXBuildFile; fileRef = 4600DB3A7BEEAEF3F23ADC57 /* StandardPhysicsApp.swift */; };
		CCA06A6F9298BAF322C19D66 /* ScanUploadClient.swift in Sources */ = {isa = PBXBuildFile; fileRef = 3C7A6109602F424AC81F4B81 /* ScanUploadClient.swift */; };
		E103411EA09E6A9164777649 /* ScannedRoomView.swift in Sources */ = {isa = PBXBuildFile; fileRef = 7DDE6D23EFE9CB06F4EFB539 /* ScannedRoomView.swift */; };
		E77A0675C88B70CE1464835A /* UploadStatusScreen.swift in Sources */ = {isa = PBXBuildFile; fileRef = 6F7627C4327425119C0A5877 /* UploadStatusScreen.swift */; };
		F0BBA90A344EE46F6F912FDE /* LidarMeshRecorder.swift in Sources */ = {isa = PBXBuildFile; fileRef = 9B07A989AF5FC994A8CD0AAA /* LidarMeshRecorder.swift */; };
		F29735B46B915B98C96C7A13 /* ConnectionScreen.swift in Sources */ = {isa = PBXBuildFile; fileRef = 0BC02FEB13501BED123058EA /* ConnectionScreen.swift */; };
		F7E34F881A324ECD9B4E8003 /* UploadViewModel.swift in Sources */ = {isa = PBXBuildFile; fileRef = 59A92436F4F383797A4976A8 /* UploadViewModel.swift */; };
/* End PBXBuildFile section */

/* Begin PBXContainerItemProxy section */
		D311119A9424BFA4B72106C4 /* PBXContainerItemProxy */ = {
			isa = PBXContainerItemProxy;
			containerPortal = C8EE2630362497719E571F05 /* Project object */;
			proxyType = 1;
			remoteGlobalIDString = 9074F9A122414A6C03A2B9E8;
			remoteInfo = StandardPhysics;
		};
/* End PBXContainerItemProxy section */

/* Begin PBXFileReference section */
		026FA7F7DA378297C85FA69C /* WalkthroughVideoRecorder.swift */ = {isa = PBXFileReference; lastKnownFileType = sourcecode.swift; path = WalkthroughVideoRecorder.swift; sourceTree = "<group>"; };
		0748121F1E998BBBC5AA865E /* ResumableUploadStoreTests.swift */ = {isa = PBXFileReference; lastKnownFileType = sourcecode.swift; path = ResumableUploadStoreTests.swift; sourceTree = "<group>"; };
		0BC02FEB13501BED123058EA /* ConnectionScreen.swift */ = {isa = PBXFileReference; lastKnownFileType = sourcecode.swift; path = ConnectionScreen.swift; sourceTree = "<group>"; };
		1AA420D8B693B08C38D20603 /* apple_bedroom3.room.json */ = {isa = PBXFileReference; lastKnownFileType = text.json; path = apple_bedroom3.room.json; sourceTree = "<group>"; };
		23610824E5B44F0425258F9B /* StandardPhysics.app */ = {isa = PBXFileReference; includeInIndex = 0; lastKnownFileType = wrapper.application; path = StandardPhysics.app; sourceTree = BUILT_PRODUCTS_DIR; };
		27785166F1CA3E6AACF4C012 /* CoverageEngineTests.swift */ = {isa = PBXFileReference; lastKnownFileType = sourcecode.swift; path = CoverageEngineTests.swift; sourceTree = "<group>"; };
		3C7A6109602F424AC81F4B81 /* ScanUploadClient.swift */ = {isa = PBXFileReference; lastKnownFileType = sourcecode.swift; path = ScanUploadClient.swift; sourceTree = "<group>"; };
		3D0C7028F7E2DE9CE6A5C348 /* CoverageEngine.swift */ = {isa = PBXFileReference; lastKnownFileType = sourcecode.swift; path = CoverageEngine.swift; sourceTree = "<group>"; };
		3D815183B48F2D9B575F78EE /* ScanUploadClientTests.swift */ = {isa = PBXFileReference; lastKnownFileType = sourcecode.swift; path = ScanUploadClientTests.swift; sourceTree = "<group>"; };
		40F5DB654E0671D2D4D1ED21 /* WorkspaceScreen.swift */ = {isa = PBXFileReference; lastKnownFileType = sourcecode.swift; path = WorkspaceScreen.swift; sourceTree = "<group>"; };
		4443BDB37BB52F3542FBC466 /* StandardPhysicsTests.xctest */ = {isa = PBXFileReference; includeInIndex = 0; lastKnownFileType = wrapper.cfbundle; path = StandardPhysicsTests.xctest; sourceTree = BUILT_PRODUCTS_DIR; };
		4600DB3A7BEEAEF3F23ADC57 /* StandardPhysicsApp.swift */ = {isa = PBXFileReference; lastKnownFileType = sourcecode.swift; path = StandardPhysicsApp.swift; sourceTree = "<group>"; };
		46525BF5D2C5213EB7FED758 /* SceneCaptureConfiguration.swift */ = {isa = PBXFileReference; lastKnownFileType = sourcecode.swift; path = SceneCaptureConfiguration.swift; sourceTree = "<group>"; };
		52376FEBBD4E599CC43E78B9 /* ScanObjectLocatorTests.swift */ = {isa = PBXFileReference; lastKnownFileType = sourcecode.swift; path = ScanObjectLocatorTests.swift; sourceTree = "<group>"; };
		5281D7312D6F754DBC7B8377 /* ScanExportTests.swift */ = {isa = PBXFileReference; lastKnownFileType = sourcecode.swift; path = ScanExportTests.swift; sourceTree = "<group>"; };
		59A92436F4F383797A4976A8 /* UploadViewModel.swift */ = {isa = PBXFileReference; lastKnownFileType = sourcecode.swift; path = UploadViewModel.swift; sourceTree = "<group>"; };
		6510F54E3E72FFD41662E47A /* ReviewScreen.swift */ = {isa = PBXFileReference; lastKnownFileType = sourcecode.swift; path = ReviewScreen.swift; sourceTree = "<group>"; };
		67DB51144E0AB741AE3E13F8 /* ScanExporter.swift */ = {isa = PBXFileReference; lastKnownFileType = sourcecode.swift; path = ScanExporter.swift; sourceTree = "<group>"; };
		6F7627C4327425119C0A5877 /* UploadStatusScreen.swift */ = {isa = PBXFileReference; lastKnownFileType = sourcecode.swift; path = UploadStatusScreen.swift; sourceTree = "<group>"; };
		6FEC544C1C55197D7034B7CF /* AppEnvironment.swift */ = {isa = PBXFileReference; lastKnownFileType = sourcecode.swift; path = AppEnvironment.swift; sourceTree = "<group>"; };
		7C86286108BAD9DF536B8F94 /* Info.plist */ = {isa = PBXFileReference; lastKnownFileType = text.plist; path = Info.plist; sourceTree = "<group>"; };
		7DDE6D23EFE9CB06F4EFB539 /* ScannedRoomView.swift */ = {isa = PBXFileReference; lastKnownFileType = sourcecode.swift; path = ScannedRoomView.swift; sourceTree = "<group>"; };
		81AACA30446540582EBA1366 /* ScanObjectLocator.swift */ = {isa = PBXFileReference; lastKnownFileType = sourcecode.swift; path = ScanObjectLocator.swift; sourceTree = "<group>"; };
		8B47F7A7DD60C5B93AABEAF7 /* LaunchScreen.storyboard */ = {isa = PBXFileReference; lastKnownFileType = file.storyboard; path = LaunchScreen.storyboard; sourceTree = "<group>"; };
		8D8A97F1C401D6495E52BD85 /* CaptureSessionStore.swift */ = {isa = PBXFileReference; lastKnownFileType = sourcecode.swift; path = CaptureSessionStore.swift; sourceTree = "<group>"; };
		9AA3EF92FB3C776BBFC316A2 /* FrameRecorder.swift */ = {isa = PBXFileReference; lastKnownFileType = sourcecode.swift; path = FrameRecorder.swift; sourceTree = "<group>"; };
		9B07A989AF5FC994A8CD0AAA /* LidarMeshRecorder.swift */ = {isa = PBXFileReference; lastKnownFileType = sourcecode.swift; path = LidarMeshRecorder.swift; sourceTree = "<group>"; };
		AB85814D71BB5E268CE101E1 /* AppRootView.swift */ = {isa = PBXFileReference; lastKnownFileType = sourcecode.swift; path = AppRootView.swift; sourceTree = "<group>"; };
		B121F5EE270FA52250DEB892 /* LidarMeshTests.swift */ = {isa = PBXFileReference; lastKnownFileType = sourcecode.swift; path = LidarMeshTests.swift; sourceTree = "<group>"; };
		B698CFA6F39664D668AE5C63 /* AppTheme.swift */ = {isa = PBXFileReference; lastKnownFileType = sourcecode.swift; path = AppTheme.swift; sourceTree = "<group>"; };
		C1B73E7972ABEBD9BEE9AB14 /* UploadViewModelTests.swift */ = {isa = PBXFileReference; lastKnownFileType = sourcecode.swift; path = UploadViewModelTests.swift; sourceTree = "<group>"; };
		C758129B01C0A98678E154B7 /* SceneCaptureConfigurationTests.swift */ = {isa = PBXFileReference; lastKnownFileType = sourcecode.swift; path = SceneCaptureConfigurationTests.swift; sourceTree = "<group>"; };
		C926B3CA63F6EC0109187025 /* ServiceAddressTests.swift */ = {isa = PBXFileReference; lastKnownFileType = sourcecode.swift; path = ServiceAddressTests.swift; sourceTree = "<group>"; };
		CB0DF9605AC317A7D73BAE94 /* WalkthroughVideoRecorderTests.swift */ = {isa = PBXFileReference; lastKnownFileType = sourcecode.swift; path = WalkthroughVideoRecorderTests.swift; sourceTree = "<group>"; };
		D4C6263A656172ADAE5138BF /* ResumableUploadStore.swift */ = {isa = PBXFileReference; lastKnownFileType = sourcecode.swift; path = ResumableUploadStore.swift; sourceTree = "<group>"; };
		DD126A7334930ED9E61ADA9A /* CaptureScreen.swift */ = {isa = PBXFileReference; lastKnownFileType = sourcecode.swift; path = CaptureScreen.swift; sourceTree = "<group>"; };
		E6F34E396942BEF7BD1CB0CE /* RoomCaptureController.swift */ = {isa = PBXFileReference; lastKnownFileType = sourcecode.swift; path = RoomCaptureController.swift; sourceTree = "<group>"; };
		F33989C0129F58DE12C08EB2 /* CaptureRecovery.swift */ = {isa = PBXFileReference; lastKnownFileType = sourcecode.swift; path = CaptureRecovery.swift; sourceTree = "<group>"; };
		F6A8C1D60ECF23C6304B08D1 /* apple_livingroom.room.json */ = {isa = PBXFileReference; lastKnownFileType = text.json; path = apple_livingroom.room.json; sourceTree = "<group>"; };
/* End PBXFileReference section */

/* Begin PBXGroup section */
		264C5722DDBE54A834C0B27C /* StandardPhysicsTests */ = {
			isa = PBXGroup;
			children = (
				27785166F1CA3E6AACF4C012 /* CoverageEngineTests.swift */,
				B121F5EE270FA52250DEB892 /* LidarMeshTests.swift */,
				0748121F1E998BBBC5AA865E /* ResumableUploadStoreTests.swift */,
				5281D7312D6F754DBC7B8377 /* ScanExportTests.swift */,
				52376FEBBD4E599CC43E78B9 /* ScanObjectLocatorTests.swift */,
				3D815183B48F2D9B575F78EE /* ScanUploadClientTests.swift */,
				C758129B01C0A98678E154B7 /* SceneCaptureConfigurationTests.swift */,
				C926B3CA63F6EC0109187025 /* ServiceAddressTests.swift */,
				C1B73E7972ABEBD9BEE9AB14 /* UploadViewModelTests.swift */,
				CB0DF9605AC317A7D73BAE94 /* WalkthroughVideoRecorderTests.swift */,
			);
			path = StandardPhysicsTests;
			sourceTree = "<group>";
		};
		2DDFE23844BBF2D70AC0968B /* Review */ = {
			isa = PBXGroup;
			children = (
				6510F54E3E72FFD41662E47A /* ReviewScreen.swift */,
				7DDE6D23EFE9CB06F4EFB539 /* ScannedRoomView.swift */,
				81AACA30446540582EBA1366 /* ScanObjectLocator.swift */,
			);
			path = Review;
			sourceTree = "<group>";
		};
		32975CAD099A76A99A999560 = {
			isa = PBXGroup;
			children = (
				468E0993A2AE6B8324E6E1AD /* real */,
				B00EB255F7EE7F073A05E827 /* StandardPhysics */,
				264C5722DDBE54A834C0B27C /* StandardPhysicsTests */,
				B0317F86AE3F23C064841A64 /* Products */,
			);
			sourceTree = "<group>";
		};
		356DD6203B30FBE4C418F573 /* Upload */ = {
			isa = PBXGroup;
			children = (
				D4C6263A656172ADAE5138BF /* ResumableUploadStore.swift */,
				3C7A6109602F424AC81F4B81 /* ScanUploadClient.swift */,
				6F7627C4327425119C0A5877 /* UploadStatusScreen.swift */,
				59A92436F4F383797A4976A8 /* UploadViewModel.swift */,
			);
			path = Upload;
			sourceTree = "<group>";
		};
		37FC49868356C76BDE07409F /* Resources */ = {
			isa = PBXGroup;
			children = (
				7C86286108BAD9DF536B8F94 /* Info.plist */,
				8B47F7A7DD60C5B93AABEAF7 /* LaunchScreen.storyboard */,
			);
			path = Resources;
			sourceTree = "<group>";
		};
		3C81ECC7CC9A7C5BFC4035C2 /* Export */ = {
			isa = PBXGroup;
			children = (
				F33989C0129F58DE12C08EB2 /* CaptureRecovery.swift */,
				67DB51144E0AB741AE3E13F8 /* ScanExporter.swift */,
			);
			path = Export;
			sourceTree = "<group>";
		};
		468E0993A2AE6B8324E6E1AD /* real */ = {
			isa = PBXGroup;
			children = (
				1AA420D8B693B08C38D20603 /* apple_bedroom3.room.json */,
				F6A8C1D60ECF23C6304B08D1 /* apple_livingroom.room.json */,
			);
			name = real;
			path = ../../packages/fixtures/standardphysics_fixtures/data/real;
			sourceTree = "<group>";
		};
		B00EB255F7EE7F073A05E827 /* StandardPhysics */ = {
			isa = PBXGroup;
			children = (
				B958DB951B70571CEC8C0E10 /* App */,
				EDB77E91128A54CA16D3F9C0 /* Capture */,
				3C81ECC7CC9A7C5BFC4035C2 /* Export */,
				37FC49868356C76BDE07409F /* Resources */,
				2DDFE23844BBF2D70AC0968B /* Review */,
				356DD6203B30FBE4C418F573 /* Upload */,
				EADA919E6B22EE13325A04BB /* Web */,
			);
			path = StandardPhysics;
			sourceTree = "<group>";
		};
		B0317F86AE3F23C064841A64 /* Products */ = {
			isa = PBXGroup;
			children = (
				23610824E5B44F0425258F9B /* StandardPhysics.app */,
				4443BDB37BB52F3542FBC466 /* StandardPhysicsTests.xctest */,
			);
			name = Products;
			sourceTree = "<group>";
		};
		B958DB951B70571CEC8C0E10 /* App */ = {
			isa = PBXGroup;
			children = (
				6FEC544C1C55197D7034B7CF /* AppEnvironment.swift */,
				AB85814D71BB5E268CE101E1 /* AppRootView.swift */,
				B698CFA6F39664D668AE5C63 /* AppTheme.swift */,
				0BC02FEB13501BED123058EA /* ConnectionScreen.swift */,
				4600DB3A7BEEAEF3F23ADC57 /* StandardPhysicsApp.swift */,
			);
			path = App;
			sourceTree = "<group>";
		};
		EADA919E6B22EE13325A04BB /* Web */ = {
			isa = PBXGroup;
			children = (
				40F5DB654E0671D2D4D1ED21 /* WorkspaceScreen.swift */,
			);
			path = Web;
			sourceTree = "<group>";
		};
		EDB77E91128A54CA16D3F9C0 /* Capture */ = {
			isa = PBXGroup;
			children = (
				DD126A7334930ED9E61ADA9A /* CaptureScreen.swift */,
				8D8A97F1C401D6495E52BD85 /* CaptureSessionStore.swift */,
				3D0C7028F7E2DE9CE6A5C348 /* CoverageEngine.swift */,
				9AA3EF92FB3C776BBFC316A2 /* FrameRecorder.swift */,
				9B07A989AF5FC994A8CD0AAA /* LidarMeshRecorder.swift */,
				E6F34E396942BEF7BD1CB0CE /* RoomCaptureController.swift */,
				46525BF5D2C5213EB7FED758 /* SceneCaptureConfiguration.swift */,
				026FA7F7DA378297C85FA69C /* WalkthroughVideoRecorder.swift */,
			);
			path = Capture;
			sourceTree = "<group>";
		};
/* End PBXGroup section */

/* Begin PBXNativeTarget section */
		7B17C7B55F7837EC54D13401 /* StandardPhysicsTests */ = {
			isa = PBXNativeTarget;
			buildConfigurationList = 9E2C9C327A15CD0B539C36DC /* Build configuration list for PBXNativeTarget "StandardPhysicsTests" */;
			buildPhases = (
				75F10CD87F89F402D1516E94 /* Sources */,
				D055A024BCC77B6067FC41A2 /* Resources */,
			);
			buildRules = (
			);
			dependencies = (
				7170CC7663A3F8D7193B8091 /* PBXTargetDependency */,
			);
			name = StandardPhysicsTests;
			packageProductDependencies = (
			);
			productName = StandardPhysicsTests;
			productReference = 4443BDB37BB52F3542FBC466 /* StandardPhysicsTests.xctest */;
			productType = "com.apple.product-type.bundle.unit-test";
		};
		9074F9A122414A6C03A2B9E8 /* StandardPhysics */ = {
			isa = PBXNativeTarget;
			buildConfigurationList = D1FABEA52AB0242F42C32A94 /* Build configuration list for PBXNativeTarget "StandardPhysics" */;
			buildPhases = (
				54886070EABBACF07D357D20 /* Sources */,
				D569F1E0FBA93147F03CC352 /* Resources */,
			);
			buildRules = (
			);
			dependencies = (
			);
			name = StandardPhysics;
			packageProductDependencies = (
			);
			productName = StandardPhysics;
			productReference = 23610824E5B44F0425258F9B /* StandardPhysics.app */;
			productType = "com.apple.product-type.application";
		};
/* End PBXNativeTarget section */

/* Begin PBXProject section */
		C8EE2630362497719E571F05 /* Project object */ = {
			isa = PBXProject;
			attributes = {
				BuildIndependentTargetsInParallel = YES;
				LastUpgradeCheck = 1430;
				TargetAttributes = {
					7B17C7B55F7837EC54D13401 = {
						DevelopmentTeam = "";
						ProvisioningStyle = Automatic;
					};
					9074F9A122414A6C03A2B9E8 = {
						DevelopmentTeam = "";
						ProvisioningStyle = Automatic;
					};
				};
			};
			buildConfigurationList = 73CE02EFC858CD47CF457264 /* Build configuration list for PBXProject "StandardPhysics" */;
			developmentRegion = en;
			hasScannedForEncodings = 0;
			knownRegions = (
				Base,
				en,
			);
			mainGroup = 32975CAD099A76A99A999560;
			minimizedProjectReferenceProxies = 1;
			preferredProjectObjectVersion = 77;
			productRefGroup = B0317F86AE3F23C064841A64 /* Products */;
			projectDirPath = "";
			projectRoot = "";
			targets = (
				9074F9A122414A6C03A2B9E8 /* StandardPhysics */,
				7B17C7B55F7837EC54D13401 /* StandardPhysicsTests */,
			);
		};
/* End PBXProject section */

/* Begin PBXResourcesBuildPhase section */
		D055A024BCC77B6067FC41A2 /* Resources */ = {
			isa = PBXResourcesBuildPhase;
			buildActionMask = 2147483647;
			files = (
				37DDE23201FC858C742C7F17 /* apple_bedroom3.room.json in Resources */,
				507F1F343673600940DE00D1 /* apple_livingroom.room.json in Resources */,
			);
			runOnlyForDeploymentPostprocessing = 0;
		};
		D569F1E0FBA93147F03CC352 /* Resources */ = {
			isa = PBXResourcesBuildPhase;
			buildActionMask = 2147483647;
			files = (
				4B4F38D2CE1F5D5BCF4C104C /* LaunchScreen.storyboard in Resources */,
			);
			runOnlyForDeploymentPostprocessing = 0;
		};
/* End PBXResourcesBuildPhase section */

/* Begin PBXSourcesBuildPhase section */
		54886070EABBACF07D357D20 /* Sources */ = {
			isa = PBXSourcesBuildPhase;
			buildActionMask = 2147483647;
			files = (
				256913A955464CCAEADF9268 /* AppEnvironment.swift in Sources */,
				58891452F41E5607AC230AFF /* AppRootView.swift in Sources */,
				5C37F4DD53CE9AA805DC82A6 /* AppTheme.swift in Sources */,
				66E408F8858728C03CAAAF70 /* CaptureRecovery.swift in Sources */,
				95E15EFB23AEA929A41B1EA4 /* CaptureScreen.swift in Sources */,
				31226E685F8615CF36220EF7 /* CaptureSessionStore.swift in Sources */,
				F29735B46B915B98C96C7A13 /* ConnectionScreen.swift in Sources */,
				5F7D792A2DD916716749DA38 /* CoverageEngine.swift in Sources */,
				29D2538D10668801A37E448A /* FrameRecorder.swift in Sources */,
				F0BBA90A344EE46F6F912FDE /* LidarMeshRecorder.swift in Sources */,
				78589EC893CD951BDC0B4396 /* ResumableUploadStore.swift in Sources */,
				21CA6D7591146572C7FB7AEF /* ReviewScreen.swift in Sources */,
				AD48A914B5EDDEC5DD5AE77C /* RoomCaptureController.swift in Sources */,
				A2AEB73032DA503D659048CD /* ScanExporter.swift in Sources */,
				A175D79C585CF1A4796FFB64 /* ScanObjectLocator.swift in Sources */,
				CCA06A6F9298BAF322C19D66 /* ScanUploadClient.swift in Sources */,
				E103411EA09E6A9164777649 /* ScannedRoomView.swift in Sources */,
				812ABC8C0C2FCD7648188442 /* SceneCaptureConfiguration.swift in Sources */,
				C1869B64E1A0C858F7DD7E75 /* StandardPhysicsApp.swift in Sources */,
				E77A0675C88B70CE1464835A /* UploadStatusScreen.swift in Sources */,
				F7E34F881A324ECD9B4E8003 /* UploadViewModel.swift in Sources */,
				60572FB1AD7B4D2424C5DFFF /* WalkthroughVideoRecorder.swift in Sources */,
				615AF2750FED72C2B7CB9E2E /* WorkspaceScreen.swift in Sources */,
			);
			runOnlyForDeploymentPostprocessing = 0;
		};
		75F10CD87F89F402D1516E94 /* Sources */ = {
			isa = PBXSourcesBuildPhase;
			buildActionMask = 2147483647;
			files = (
				75C17C86ACC84F5A8841278B /* CoverageEngineTests.swift in Sources */,
				1B2955B1B60E069392F0FB5B /* LidarMeshTests.swift in Sources */,
				9BF68FA1A07FE744E37BACA9 /* ResumableUploadStoreTests.swift in Sources */,
				850EE6F0C14C7ABDB7A9FB7F /* ScanExportTests.swift in Sources */,
				0B99BEB326F6F25E92F22D19 /* ScanObjectLocatorTests.swift in Sources */,
				0CBD8766D6CD6A0CCEE98B85 /* ScanUploadClientTests.swift in Sources */,
				3E2B82D92927A86CDA8F4168 /* SceneCaptureConfigurationTests.swift in Sources */,
				55856F61BF5F62342954D9DF /* ServiceAddressTests.swift in Sources */,
				58500215EB25C687904FAB73 /* UploadViewModelTests.swift in Sources */,
				BF7EDD1670A4CBAA90BDFA4B /* WalkthroughVideoRecorderTests.swift in Sources */,
			);
			runOnlyForDeploymentPostprocessing = 0;
		};
/* End PBXSourcesBuildPhase section */

/* Begin PBXTargetDependency section */
		7170CC7663A3F8D7193B8091 /* PBXTargetDependency */ = {
			isa = PBXTargetDependency;
			target = 9074F9A122414A6C03A2B9E8 /* StandardPhysics */;
			targetProxy = D311119A9424BFA4B72106C4 /* PBXContainerItemProxy */;
		};
/* End PBXTargetDependency section */

/* Begin XCBuildConfiguration section */
		00DD52C36AFBDC09EE7FE5DC /* Debug */ = {
			isa = XCBuildConfiguration;
			buildSettings = {
				BUNDLE_LOADER = "$(TEST_HOST)";
				GENERATE_INFOPLIST_FILE = YES;
				LD_RUNPATH_SEARCH_PATHS = (
					"$(inherited)",
					"@executable_path/Frameworks",
					"@loader_path/Frameworks",
				);
				PRODUCT_BUNDLE_IDENTIFIER = com.standardphysics.capture.tests;
				SDKROOT = iphoneos;
				TARGETED_DEVICE_FAMILY = "1,2";
				TEST_HOST = "$(BUILT_PRODUCTS_DIR)/StandardPhysics.app/StandardPhysics";
			};
			name = Debug;
		};
		27183EF0D69C21C9C9EA4328 /* Debug */ = {
			isa = XCBuildConfiguration;
			buildSettings = {
				ALWAYS_SEARCH_USER_PATHS = NO;
				CLANG_ANALYZER_NONNULL = YES;
				CLANG_ANALYZER_NUMBER_OBJECT_CONVERSION = YES_AGGRESSIVE;
				CLANG_CXX_LANGUAGE_STANDARD = "gnu++14";
				CLANG_CXX_LIBRARY = "libc++";
				CLANG_ENABLE_MODULES = YES;
				CLANG_ENABLE_OBJC_ARC = YES;
				CLANG_ENABLE_OBJC_WEAK = YES;
				CLANG_WARN_BLOCK_CAPTURE_AUTORELEASING = YES;
				CLANG_WARN_BOOL_CONVERSION = YES;
				CLANG_WARN_COMMA = YES;
				CLANG_WARN_CONSTANT_CONVERSION = YES;
				CLANG_WARN_DEPRECATED_OBJC_IMPLEMENTATIONS = YES;
				CLANG_WARN_DIRECT_OBJC_ISA_USAGE = YES_ERROR;
				CLANG_WARN_DOCUMENTATION_COMMENTS = YES;
				CLANG_WARN_EMPTY_BODY = YES;
				CLANG_WARN_ENUM_CONVERSION = YES;
				CLANG_WARN_INFINITE_RECURSION = YES;
				CLANG_WARN_INT_CONVERSION = YES;
				CLANG_WARN_NON_LITERAL_NULL_CONVERSION = YES;
				CLANG_WARN_OBJC_IMPLICIT_RETAIN_SELF = YES;
				CLANG_WARN_OBJC_LITERAL_CONVERSION = YES;
				CLANG_WARN_OBJC_ROOT_CLASS = YES_ERROR;
				CLANG_WARN_QUOTED_INCLUDE_IN_FRAMEWORK_HEADER = YES;
				CLANG_WARN_RANGE_LOOP_ANALYSIS = YES;
				CLANG_WARN_STRICT_PROTOTYPES = YES;
				CLANG_WARN_SUSPICIOUS_MOVE = YES;
				CLANG_WARN_UNGUARDED_AVAILABILITY = YES_AGGRESSIVE;
				CLANG_WARN_UNREACHABLE_CODE = YES;
				CLANG_WARN__DUPLICATE_METHOD_MATCH = YES;
				CODE_SIGN_STYLE = Automatic;
				COPY_PHASE_STRIP = NO;
				DEBUG_INFORMATION_FORMAT = dwarf;
				DEVELOPMENT_TEAM = "";
				ENABLE_STRICT_OBJC_MSGSEND = YES;
				ENABLE_TESTABILITY = YES;
				GCC_C_LANGUAGE_STANDARD = gnu11;
				GCC_DYNAMIC_NO_PIC = NO;
				GCC_NO_COMMON_BLOCKS = YES;
				GCC_OPTIMIZATION_LEVEL = 0;
				GCC_PREPROCESSOR_DEFINITIONS = (
					"$(inherited)",
					"DEBUG=1",
				);
				GCC_WARN_64_TO_32_BIT_CONVERSION = YES;
				GCC_WARN_ABOUT_RETURN_TYPE = YES_ERROR;
				GCC_WARN_UNDECLARED_SELECTOR = YES;
				GCC_WARN_UNINITIALIZED_AUTOS = YES_AGGRESSIVE;
				GCC_WARN_UNUSED_FUNCTION = YES;
				GCC_WARN_UNUSED_VARIABLE = YES;
				IPHONEOS_DEPLOYMENT_TARGET = 17.0;
				MTL_ENABLE_DEBUG_INFO = INCLUDE_SOURCE;
				MTL_FAST_MATH = YES;
				ONLY_ACTIVE_ARCH = YES;
				PRODUCT_NAME = "$(TARGET_NAME)";
				SDKROOT = iphoneos;
				SWIFT_ACTIVE_COMPILATION_CONDITIONS = DEBUG;
				SWIFT_OPTIMIZATION_LEVEL = "-Onone";
				SWIFT_VERSION = 5.0;
			};
			name = Debug;
		};
		682653693A9055077EB068A7 /* Debug */ = {
			isa = XCBuildConfiguration;
			buildSettings = {
				ASSETCATALOG_COMPILER_APPICON_NAME = AppIcon;
				CAPTURE_API_BASE_URL = "";
				CAPTURE_WORKSPACE_BASE_URL = "";
				CODE_SIGN_IDENTITY = "iPhone Developer";
				INFOPLIST_FILE = StandardPhysics/Resources/Info.plist;
				LD_RUNPATH_SEARCH_PATHS = (
					"$(inherited)",
					"@executable_path/Frameworks",
				);
				PRODUCT_BUNDLE_IDENTIFIER = com.standardphysics.capture;
				SDKROOT = iphoneos;
				TARGETED_DEVICE_FAMILY = "1,2";
			};
			name = Debug;
		};
		9FF4EF105AD8B1F0909AA021 /* Release */ = {
			isa = XCBuildConfiguration;
			buildSettings = {
				ALWAYS_SEARCH_USER_PATHS = NO;
				CLANG_ANALYZER_NONNULL = YES;
				CLANG_ANALYZER_NUMBER_OBJECT_CONVERSION = YES_AGGRESSIVE;
				CLANG_CXX_LANGUAGE_STANDARD = "gnu++14";
				CLANG_CXX_LIBRARY = "libc++";
				CLANG_ENABLE_MODULES = YES;
				CLANG_ENABLE_OBJC_ARC = YES;
				CLANG_ENABLE_OBJC_WEAK = YES;
				CLANG_WARN_BLOCK_CAPTURE_AUTORELEASING = YES;
				CLANG_WARN_BOOL_CONVERSION = YES;
				CLANG_WARN_COMMA = YES;
				CLANG_WARN_CONSTANT_CONVERSION = YES;
				CLANG_WARN_DEPRECATED_OBJC_IMPLEMENTATIONS = YES;
				CLANG_WARN_DIRECT_OBJC_ISA_USAGE = YES_ERROR;
				CLANG_WARN_DOCUMENTATION_COMMENTS = YES;
				CLANG_WARN_EMPTY_BODY = YES;
				CLANG_WARN_ENUM_CONVERSION = YES;
				CLANG_WARN_INFINITE_RECURSION = YES;
				CLANG_WARN_INT_CONVERSION = YES;
				CLANG_WARN_NON_LITERAL_NULL_CONVERSION = YES;
				CLANG_WARN_OBJC_IMPLICIT_RETAIN_SELF = YES;
				CLANG_WARN_OBJC_LITERAL_CONVERSION = YES;
				CLANG_WARN_OBJC_ROOT_CLASS = YES_ERROR;
				CLANG_WARN_QUOTED_INCLUDE_IN_FRAMEWORK_HEADER = YES;
				CLANG_WARN_RANGE_LOOP_ANALYSIS = YES;
				CLANG_WARN_STRICT_PROTOTYPES = YES;
				CLANG_WARN_SUSPICIOUS_MOVE = YES;
				CLANG_WARN_UNGUARDED_AVAILABILITY = YES_AGGRESSIVE;
				CLANG_WARN_UNREACHABLE_CODE = YES;
				CLANG_WARN__DUPLICATE_METHOD_MATCH = YES;
				CODE_SIGN_STYLE = Automatic;
				COPY_PHASE_STRIP = NO;
				DEBUG_INFORMATION_FORMAT = "dwarf-with-dsym";
				DEVELOPMENT_TEAM = "";
				ENABLE_NS_ASSERTIONS = NO;
				ENABLE_STRICT_OBJC_MSGSEND = YES;
				GCC_C_LANGUAGE_STANDARD = gnu11;
				GCC_NO_COMMON_BLOCKS = YES;
				GCC_WARN_64_TO_32_BIT_CONVERSION = YES;
				GCC_WARN_ABOUT_RETURN_TYPE = YES_ERROR;
				GCC_WARN_UNDECLARED_SELECTOR = YES;
				GCC_WARN_UNINITIALIZED_AUTOS = YES_AGGRESSIVE;
				GCC_WARN_UNUSED_FUNCTION = YES;
				GCC_WARN_UNUSED_VARIABLE = YES;
				IPHONEOS_DEPLOYMENT_TARGET = 17.0;
				MTL_ENABLE_DEBUG_INFO = NO;
				MTL_FAST_MATH = YES;
				PRODUCT_NAME = "$(TARGET_NAME)";
				SDKROOT = iphoneos;
				SWIFT_COMPILATION_MODE = wholemodule;
				SWIFT_OPTIMIZATION_LEVEL = "-O";
				SWIFT_VERSION = 5.0;
			};
			name = Release;
		};
		BF38214C50078AC92535DB7D /* Release */ = {
			isa = XCBuildConfiguration;
			buildSettings = {
				ASSETCATALOG_COMPILER_APPICON_NAME = AppIcon;
				CAPTURE_API_BASE_URL = "";
				CAPTURE_WORKSPACE_BASE_URL = "";
				CODE_SIGN_IDENTITY = "iPhone Developer";
				INFOPLIST_FILE = StandardPhysics/Resources/Info.plist;
				LD_RUNPATH_SEARCH_PATHS = (
					"$(inherited)",
					"@executable_path/Frameworks",
				);
				PRODUCT_BUNDLE_IDENTIFIER = com.standardphysics.capture;
				SDKROOT = iphoneos;
				TARGETED_DEVICE_FAMILY = "1,2";
			};
			name = Release;
		};
		F6C730CE86DB51E00F51455E /* Release */ = {
			isa = XCBuildConfiguration;
			buildSettings = {
				BUNDLE_LOADER = "$(TEST_HOST)";
				GENERATE_INFOPLIST_FILE = YES;
				LD_RUNPATH_SEARCH_PATHS = (
					"$(inherited)",
					"@executable_path/Frameworks",
					"@loader_path/Frameworks",
				);
				PRODUCT_BUNDLE_IDENTIFIER = com.standardphysics.capture.tests;
				SDKROOT = iphoneos;
				TARGETED_DEVICE_FAMILY = "1,2";
				TEST_HOST = "$(BUILT_PRODUCTS_DIR)/StandardPhysics.app/StandardPhysics";
			};
			name = Release;
		};
/* End XCBuildConfiguration section */

/* Begin XCConfigurationList section */
		73CE02EFC858CD47CF457264 /* Build configuration list for PBXProject "StandardPhysics" */ = {
			isa = XCConfigurationList;
			buildConfigurations = (
				27183EF0D69C21C9C9EA4328 /* Debug */,
				9FF4EF105AD8B1F0909AA021 /* Release */,
			);
			defaultConfigurationIsVisible = 0;
			defaultConfigurationName = Debug;
		};
		9E2C9C327A15CD0B539C36DC /* Build configuration list for PBXNativeTarget "StandardPhysicsTests" */ = {
			isa = XCConfigurationList;
			buildConfigurations = (
				00DD52C36AFBDC09EE7FE5DC /* Debug */,
				F6C730CE86DB51E00F51455E /* Release */,
			);
			defaultConfigurationIsVisible = 0;
			defaultConfigurationName = Debug;
		};
		D1FABEA52AB0242F42C32A94 /* Build configuration list for PBXNativeTarget "StandardPhysics" */ = {
			isa = XCConfigurationList;
			buildConfigurations = (
				682653693A9055077EB068A7 /* Debug */,
				BF38214C50078AC92535DB7D /* Release */,
			);
			defaultConfigurationIsVisible = 0;
			defaultConfigurationName = Debug;
		};
/* End XCConfigurationList section */
	};
	rootObject = C8EE2630362497719E571F05 /* Project object */;
}
